
Microsoft Visual Studio Solution File, Format Version 12.00
# Visual Studio Version 16
VisualStudioVersion = 16.0.29709.97
MinimumVisualStudioVersion = 10.0.40219.1
Project("{FAE04EC0-301F-11D3-BF4B-00C04F79EFBC}") = "SOLID_Principles_I_Lib", "SOLID_Principles_I_Lib\SOLID_Principles_I_Lib.csproj", "{E65961CE-3E4D-4CA7-93AD-3B62F3A4DC03}"
EndProject
Global
	GlobalSection(SolutionConfigurationPlatforms) = preSolution
		Debug|Any CPU = Debug|Any CPU
		Release|Any CPU = Release|Any CPU
	EndGlobalSection
	GlobalSection(ProjectConfigurationPlatforms) = postSolution
		{E65961CE-3E4D-4CA7-93AD-3B62F3A4DC03}.Debug|Any CPU.ActiveCfg = Debug|Any CPU
		{E65961CE-3E4D-4CA7-93AD-3B62F3A4DC03}.Debug|Any CPU.Build.0 = Debug|Any CPU
		{E65961CE-3E4D-4CA7-93AD-3B62F3A4DC03}.Release|Any CPU.ActiveCfg = Release|Any CPU
		{E65961CE-3E4D-4CA7-93AD-3B62F3A4DC03}.Release|Any CPU.Build.0 = Release|Any CPU
	EndGlobalSection
	GlobalSection(SolutionProperties) = preSolution
		HideSolutionNode = FALSE
	EndGlobalSection
	GlobalSection(ExtensibilityGlobals) = postSolution
		SolutionGuid = {A588E8CD-FDDB-4CE1-99E8-6737782E1271}
	EndGlobalSection
EndGlobal
